
Microsoft Visual Studio Solution File, Format Version 12.00
# Visual Studio Version 16
VisualStudioVersion = 16.0.29905.134
MinimumVisualStudioVersion = 10.0.40219.1
Project("{9A19103F-16F7-4668-BE54-9A1E7A4F7556}") = "MusicComposerLibrary", "MusicComposerLibrary\MusicComposerLibrary.csproj", "{79297719-FBD9-42AF-B619-77905A73F3F3}"
EndProject
Project("{9A19103F-16F7-4668-BE54-9A1E7A4F7556}") = "MusicComposer", "MusicComposer\MusicComposer.csproj", "{E70492F7-3047-4298-99AF-36D92B382552}"
EndProject
Project("{9A19103F-16F7-4668-BE54-9A1E7A4F7556}") = "MusicComposer.UnitTests", "MusicComposer.UnitTests\MusicComposer.UnitTests.csproj", "{5A700968-17AE-4AF6-9999-4A1D90317D86}"
EndProject
Project("{FAE04EC0-301F-11D3-BF4B-00C04F79EFBC}") = "MusicComposer.Web", "MusicComposer.Web\MusicComposer.Web.csproj", "{8C75C971-10BF-45D9-A773-60C4FDC7B4AD}"
EndProject
Global
	GlobalSection(SolutionConfigurationPlatforms) = preSolution
		Debug|Any CPU = Debug|Any CPU
		Release|Any CPU = Release|Any CPU
	EndGlobalSection
	GlobalSection(ProjectConfigurationPlatforms) = postSolution
		{79297719-FBD9-42AF-B619-77905A73F3F3}.Debug|Any CPU.ActiveCfg = Debug|Any CPU
		{79297719-FBD9-42AF-B619-77905A73F3F3}.Debug|Any CPU.Build.0 = Debug|Any CPU
		{79297719-FBD9-42AF-B619-77905A73F3F3}.Release|Any CPU.ActiveCfg = Release|Any CPU
		{79297719-FBD9-42AF-B619-77905A73F3F3}.Release|Any CPU.Build.0 = Release|Any CPU
		{E70492F7-3047-4298-99AF-36D92B382552}.Debug|Any CPU.ActiveCfg = Debug|Any CPU
		{E70492F7-3047-4298-99AF-36D92B382552}.Debug|Any CPU.Build.0 = Debug|Any CPU
		{E70492F7-3047-4298-99AF-36D92B382552}.Release|Any CPU.ActiveCfg = Release|Any CPU
		{E70492F7-3047-4298-99AF-36D92B382552}.Release|Any CPU.Build.0 = Release|Any CPU
		{5A700968-17AE-4AF6-9999-4A1D90317D86}.Debug|Any CPU.ActiveCfg = Debug|Any CPU
		{5A700968-17AE-4AF6-9999-4A1D90317D86}.Debug|Any CPU.Build.0 = Debug|Any CPU
		{5A700968-17AE-4AF6-9999-4A1D90317D86}.Release|Any CPU.ActiveCfg = Release|Any CPU
		{5A700968-17AE-4AF6-9999-4A1D90317D86}.Release|Any CPU.Build.0 = Release|Any CPU
		{8C75C971-10BF-45D9-A773-60C4FDC7B4AD}.Debug|Any CPU.ActiveCfg = Debug|Any CPU
		{8C75C971-10BF-45D9-A773-60C4FDC7B4AD}.Debug|Any CPU.Build.0 = Debug|Any CPU
		{8C75C971-10BF-45D9-A773-60C4FDC7B4AD}.Release|Any CPU.ActiveCfg = Release|Any CPU
		{8C75C971-10BF-45D9-A773-60C4FDC7B4AD}.Release|Any CPU.Build.0 = Release|Any CPU
	EndGlobalSection
	GlobalSection(SolutionProperties) = preSolution
		HideSolutionNode = FALSE
	EndGlobalSection
	GlobalSection(ExtensibilityGlobals) = postSolution
		SolutionGuid = {05EE830F-A1FE-44F9-A8E7-4490C44FDD5F}
	EndGlobalSection
EndGlobal
